
Microsoft Visual Studio Solution File, Format Version 12.00
# Visual Studio Version 17
VisualStudioVersion = 17.9.34616.47
MinimumVisualStudioVersion = 10.0.40219.1
Project("{FAE04EC0-301F-11D3-BF4B-00C04F79EFBC}") = "CompatLib", "CompatLib.csproj", "{0511FF03-35F2-44FB-A227-6F574C418A8C}"
EndProject
Global
	GlobalSection(SolutionConfigurationPlatforms) = preSolution
		Debug|Any CPU = Debug|Any CPU
		Release|Any CPU = Release|Any CPU
	EndGlobalSection
	GlobalSection(ProjectConfigurationPlatforms) = postSolution
		{0511FF03-35F2-44FB-A227-6F574C418A8C}.Debug|Any CPU.ActiveCfg = Debug|Any CPU
		{0511FF03-35F2-44FB-A227-6F574C418A8C}.Debug|Any CPU.Build.0 = Debug|Any CPU
		{0511FF03-35F2-44FB-A227-6F574C418A8C}.Release|Any CPU.ActiveCfg = Release|Any CPU
		{0511FF03-35F2-44FB-A227-6F574C418A8C}.Release|Any CPU.Build.0 = Release|Any CPU
	EndGlobalSection
	GlobalSection(SolutionProperties) = preSolution
		HideSolutionNode = FALSE
	EndGlobalSection
	GlobalSection(ExtensibilityGlobals) = postSolution
		SolutionGuid = {02C39441-9797-48C1-A750-B0AA119BDCA7}
	EndGlobalSection
EndGlobal
